
Microsoft Visual Studio Solution File, Format Version 12.00
# Visual Studio Version 17
VisualStudioVersion = 17.7.34031.279
MinimumVisualStudioVersion = 10.0.40219.1
Project("{2150E333-8FDC-42A3-9474-1A3956D46DE8}") = "Tests", "Tests", "{D1D56411-01AA-432B-84EB-E24E8C959644}"
EndProject
Project("{2150E333-8FDC-42A3-9474-1A3956D46DE8}") = "Src", "Src", "{0CC61908-E6B3-4327-8289-94C5BE2F5C32}"
EndProject
Project("{9A19103F-16F7-4668-BE54-9A1E7A4F7556}") = "WebApi", "Src\WebApi\WebApi.csproj", "{4E92051A-5B67-4A7C-BB96-46C6B2B30964}"
EndProject
Project("{9A19103F-16F7-4668-BE54-9A1E7A4F7556}") = "Domain", "Src\Domain\Domain.csproj", "{D32A5515-920B-427C-A0EA-553F35B93AA6}"
EndProject
Project("{9A19103F-16F7-4668-BE54-9A1E7A4F7556}") = "Service", "Src\Service\Service.csproj", "{34562811-9CEB-4D8E-8734-A6FE8223947D}"
EndProject
Project("{9A19103F-16F7-4668-BE54-9A1E7A4F7556}") = "Repository", "Src\Repository\Repository.csproj", "{C07F346F-8E08-4504-AAE6-6DE4CCF49A42}"
EndProject
Project("{9A19103F-16F7-4668-BE54-9A1E7A4F7556}") = "Common", "Src\Common\Common.csproj", "{D4C19BC0-39E8-4CF1-A3CC-5F170C1EFD7E}"
EndProject
Project("{FAE04EC0-301F-11D3-BF4B-00C04F79EFBC}") = "DomainUnitTests", "Tests\DomainUnitTests\DomainUnitTests.csproj", "{7A3D5F1E-BFC4-4095-8593-2E800B29D25A}"
EndProject
Global
	GlobalSection(SolutionConfigurationPlatforms) = preSolution
		Debug|Any CPU = Debug|Any CPU
		Release|Any CPU = Release|Any CPU
	EndGlobalSection
	GlobalSection(ProjectConfigurationPlatforms) = postSolution
		{4E92051A-5B67-4A7C-BB96-46C6B2B30964}.Debug|Any CPU.ActiveCfg = Debug|Any CPU
		{4E92051A-5B67-4A7C-BB96-46C6B2B30964}.Debug|Any CPU.Build.0 = Debug|Any CPU
		{4E92051A-5B67-4A7C-BB96-46C6B2B30964}.Release|Any CPU.ActiveCfg = Release|Any CPU
		{4E92051A-5B67-4A7C-BB96-46C6B2B30964}.Release|Any CPU.Build.0 = Release|Any CPU
		{D32A5515-920B-427C-A0EA-553F35B93AA6}.Debug|Any CPU.ActiveCfg = Debug|Any CPU
		{D32A5515-920B-427C-A0EA-553F35B93AA6}.Debug|Any CPU.Build.0 = Debug|Any CPU
		{D32A5515-920B-427C-A0EA-553F35B93AA6}.Release|Any CPU.ActiveCfg = Release|Any CPU
		{D32A5515-920B-427C-A0EA-553F35B93AA6}.Release|Any CPU.Build.0 = Release|Any CPU
		{34562811-9CEB-4D8E-8734-A6FE8223947D}.Debug|Any CPU.ActiveCfg = Debug|Any CPU
		{34562811-9CEB-4D8E-8734-A6FE8223947D}.Debug|Any CPU.Build.0 = Debug|Any CPU
		{34562811-9CEB-4D8E-8734-A6FE8223947D}.Release|Any CPU.ActiveCfg = Release|Any CPU
		{34562811-9CEB-4D8E-8734-A6FE8223947D}.Release|Any CPU.Build.0 = Release|Any CPU
		{C07F346F-8E08-4504-AAE6-6DE4CCF49A42}.Debug|Any CPU.ActiveCfg = Debug|Any CPU
		{C07F346F-8E08-4504-AAE6-6DE4CCF49A42}.Debug|Any CPU.Build.0 = Debug|Any CPU
		{C07F346F-8E08-4504-AAE6-6DE4CCF49A42}.Release|Any CPU.ActiveCfg = Release|Any CPU
		{C07F346F-8E08-4504-AAE6-6DE4CCF49A42}.Release|Any CPU.Build.0 = Release|Any CPU
		{D4C19BC0-39E8-4CF1-A3CC-5F170C1EFD7E}.Debug|Any CPU.ActiveCfg = Debug|Any CPU
		{D4C19BC0-39E8-4CF1-A3CC-5F170C1EFD7E}.Debug|Any CPU.Build.0 = Debug|Any CPU
		{D4C19BC0-39E8-4CF1-A3CC-5F170C1EFD7E}.Release|Any CPU.ActiveCfg = Release|Any CPU
		{D4C19BC0-39E8-4CF1-A3CC-5F170C1EFD7E}.Release|Any CPU.Build.0 = Release|Any CPU
		{7A3D5F1E-BFC4-4095-8593-2E800B29D25A}.Debug|Any CPU.ActiveCfg = Debug|Any CPU
		{7A3D5F1E-BFC4-4095-8593-2E800B29D25A}.Debug|Any CPU.Build.0 = Debug|Any CPU
		{7A3D5F1E-BFC4-4095-8593-2E800B29D25A}.Release|Any CPU.ActiveCfg = Release|Any CPU
		{7A3D5F1E-BFC4-4095-8593-2E800B29D25A}.Release|Any CPU.Build.0 = Release|Any CPU
	EndGlobalSection
	GlobalSection(SolutionProperties) = preSolution
		HideSolutionNode = FALSE
	EndGlobalSection
	GlobalSection(NestedProjects) = preSolution
		{4E92051A-5B67-4A7C-BB96-46C6B2B30964} = {0CC61908-E6B3-4327-8289-94C5BE2F5C32}
		{D32A5515-920B-427C-A0EA-553F35B93AA6} = {0CC61908-E6B3-4327-8289-94C5BE2F5C32}
		{34562811-9CEB-4D8E-8734-A6FE8223947D} = {0CC61908-E6B3-4327-8289-94C5BE2F5C32}
		{C07F346F-8E08-4504-AAE6-6DE4CCF49A42} = {0CC61908-E6B3-4327-8289-94C5BE2F5C32}
		{D4C19BC0-39E8-4CF1-A3CC-5F170C1EFD7E} = {0CC61908-E6B3-4327-8289-94C5BE2F5C32}
		{7A3D5F1E-BFC4-4095-8593-2E800B29D25A} = {D1D56411-01AA-432B-84EB-E24E8C959644}
	EndGlobalSection
	GlobalSection(ExtensibilityGlobals) = postSolution
		SolutionGuid = {6D94AD4B-CFDE-4B9B-A7FD-6416DD5865A7}
	EndGlobalSection
EndGlobal
